
Microsoft Visual Studio Solution File, Format Version 12.00
# Visual Studio 14
VisualStudioVersion = 14.0.25420.1
MinimumVisualStudioVersion = 10.0.40219.1
Project("{FAE04EC0-301F-11D3-BF4B-00C04F79EFBC}") = "FluentValidator", "FluentValidator\FluentValidator.csproj", "{EF55ECB6-5259-4969-AF98-C546F66C4317}"
EndProject
Project("{2150E333-8FDC-42A3-9474-1A3956D46DE8}") = "Solution Items", "Solution Items", "{C94F9937-74AE-4B02-A92C-45D158F62BB4}"
	ProjectSection(SolutionItems) = preProject
		FluentValidator.nuspec = FluentValidator.nuspec
	EndProjectSection
EndProject
Global
	GlobalSection(SolutionConfigurationPlatforms) = preSolution
		Debug|Any CPU = Debug|Any CPU
		Release|Any CPU = Release|Any CPU
	EndGlobalSection
	GlobalSection(ProjectConfigurationPlatforms) = postSolution
		{EF55ECB6-5259-4969-AF98-C546F66C4317}.Debug|Any CPU.ActiveCfg = Debug|Any CPU
		{EF55ECB6-5259-4969-AF98-C546F66C4317}.Debug|Any CPU.Build.0 = Debug|Any CPU
		{EF55ECB6-5259-4969-AF98-C546F66C4317}.Release|Any CPU.ActiveCfg = Release|Any CPU
		{EF55ECB6-5259-4969-AF98-C546F66C4317}.Release|Any CPU.Build.0 = Release|Any CPU
	EndGlobalSection
	GlobalSection(SolutionProperties) = preSolution
		HideSolutionNode = FALSE
	EndGlobalSection
EndGlobal
