
Microsoft Visual Studio Solution File, Format Version 12.00
# Visual Studio 15
VisualStudioVersion = 15.0.26124.0
MinimumVisualStudioVersion = 15.0.26124.0
Project("{FAE04EC0-301F-11D3-BF4B-00C04F79EFBC}") = "FluentValidator", "FluentValidator\FluentValidator.csproj", "{9623A12D-E6D5-47C2-87B3-F59DC44DC05D}"
EndProject
Project("{FAE04EC0-301F-11D3-BF4B-00C04F79EFBC}") = "FluentValidator.Tests", "FluentValidator.Tests\FluentValidator.Tests.csproj", "{26936B9C-3942-4508-BAAB-3829A99C4903}"
EndProject
Global
	GlobalSection(SolutionConfigurationPlatforms) = preSolution
		Debug|Any CPU = Debug|Any CPU
		Debug|x64 = Debug|x64
		Debug|x86 = Debug|x86
		Release|Any CPU = Release|Any CPU
		Release|x64 = Release|x64
		Release|x86 = Release|x86
	EndGlobalSection
	GlobalSection(SolutionProperties) = preSolution
		HideSolutionNode = FALSE
	EndGlobalSection
	GlobalSection(ProjectConfigurationPlatforms) = postSolution
		{9623A12D-E6D5-47C2-87B3-F59DC44DC05D}.Debug|Any CPU.ActiveCfg = Debug|Any CPU
		{9623A12D-E6D5-47C2-87B3-F59DC44DC05D}.Debug|Any CPU.Build.0 = Debug|Any CPU
		{9623A12D-E6D5-47C2-87B3-F59DC44DC05D}.Debug|x64.ActiveCfg = Debug|x64
		{9623A12D-E6D5-47C2-87B3-F59DC44DC05D}.Debug|x64.Build.0 = Debug|x64
		{9623A12D-E6D5-47C2-87B3-F59DC44DC05D}.Debug|x86.ActiveCfg = Debug|x86
		{9623A12D-E6D5-47C2-87B3-F59DC44DC05D}.Debug|x86.Build.0 = Debug|x86
		{9623A12D-E6D5-47C2-87B3-F59DC44DC05D}.Release|Any CPU.ActiveCfg = Release|Any CPU
		{9623A12D-E6D5-47C2-87B3-F59DC44DC05D}.Release|Any CPU.Build.0 = Release|Any CPU
		{9623A12D-E6D5-47C2-87B3-F59DC44DC05D}.Release|x64.ActiveCfg = Release|x64
		{9623A12D-E6D5-47C2-87B3-F59DC44DC05D}.Release|x64.Build.0 = Release|x64
		{9623A12D-E6D5-47C2-87B3-F59DC44DC05D}.Release|x86.ActiveCfg = Release|x86
		{9623A12D-E6D5-47C2-87B3-F59DC44DC05D}.Release|x86.Build.0 = Release|x86
		{26936B9C-3942-4508-BAAB-3829A99C4903}.Debug|Any CPU.ActiveCfg = Debug|Any CPU
		{26936B9C-3942-4508-BAAB-3829A99C4903}.Debug|Any CPU.Build.0 = Debug|Any CPU
		{26936B9C-3942-4508-BAAB-3829A99C4903}.Debug|x64.ActiveCfg = Debug|x64
		{26936B9C-3942-4508-BAAB-3829A99C4903}.Debug|x64.Build.0 = Debug|x64
		{26936B9C-3942-4508-BAAB-3829A99C4903}.Debug|x86.ActiveCfg = Debug|x86
		{26936B9C-3942-4508-BAAB-3829A99C4903}.Debug|x86.Build.0 = Debug|x86
		{26936B9C-3942-4508-BAAB-3829A99C4903}.Release|Any CPU.ActiveCfg = Release|Any CPU
		{26936B9C-3942-4508-BAAB-3829A99C4903}.Release|Any CPU.Build.0 = Release|Any CPU
		{26936B9C-3942-4508-BAAB-3829A99C4903}.Release|x64.ActiveCfg = Release|x64
		{26936B9C-3942-4508-BAAB-3829A99C4903}.Release|x64.Build.0 = Release|x64
		{26936B9C-3942-4508-BAAB-3829A99C4903}.Release|x86.ActiveCfg = Release|x86
		{26936B9C-3942-4508-BAAB-3829A99C4903}.Release|x86.Build.0 = Release|x86
	EndGlobalSection
EndGlobal
