Microsoft Visual Studio Solution File, Format Version 12.00
# Visual Studio 15
VisualStudioVersion = 15.0.26730.16
MinimumVisualStudioVersion = 15.0.26124.0
Project("{9A19103F-16F7-4668-BE54-9A1E7A4F7556}") = "FluentValidator", "FluentValidator\FluentValidator.csproj", "{BF5686E0-14F3-4A6A-9C0D-8B5B7AE1944C}"
EndProject
Project("{9A19103F-16F7-4668-BE54-9A1E7A4F7556}") = "FluentValidator.Tests", "FluentValidator.Tests\FluentValidator.Tests.csproj", "{D029030D-4E22-4EBA-A3E4-B5E5B53A4C8D}"
EndProject
Global
	GlobalSection(SolutionConfigurationPlatforms) = preSolution
		Debug|Any CPU = Debug|Any CPU
		Debug|x64 = Debug|x64
		Debug|x86 = Debug|x86
		Release|Any CPU = Release|Any CPU
		Release|x64 = Release|x64
		Release|x86 = Release|x86
	EndGlobalSection
	GlobalSection(ProjectConfigurationPlatforms) = postSolution
		{BF5686E0-14F3-4A6A-9C0D-8B5B7AE1944C}.Debug|Any CPU.ActiveCfg = Debug|Any CPU
		{BF5686E0-14F3-4A6A-9C0D-8B5B7AE1944C}.Debug|Any CPU.Build.0 = Debug|Any CPU
		{BF5686E0-14F3-4A6A-9C0D-8B5B7AE1944C}.Debug|x64.ActiveCfg = Debug|Any CPU
		{BF5686E0-14F3-4A6A-9C0D-8B5B7AE1944C}.Debug|x64.Build.0 = Debug|Any CPU
		{BF5686E0-14F3-4A6A-9C0D-8B5B7AE1944C}.Debug|x86.ActiveCfg = Debug|Any CPU
		{BF5686E0-14F3-4A6A-9C0D-8B5B7AE1944C}.Debug|x86.Build.0 = Debug|Any CPU
		{BF5686E0-14F3-4A6A-9C0D-8B5B7AE1944C}.Release|Any CPU.ActiveCfg = Release|Any CPU
		{BF5686E0-14F3-4A6A-9C0D-8B5B7AE1944C}.Release|Any CPU.Build.0 = Release|Any CPU
		{BF5686E0-14F3-4A6A-9C0D-8B5B7AE1944C}.Release|x64.ActiveCfg = Release|Any CPU
		{BF5686E0-14F3-4A6A-9C0D-8B5B7AE1944C}.Release|x64.Build.0 = Release|Any CPU
		{BF5686E0-14F3-4A6A-9C0D-8B5B7AE1944C}.Release|x86.ActiveCfg = Release|Any CPU
		{BF5686E0-14F3-4A6A-9C0D-8B5B7AE1944C}.Release|x86.Build.0 = Release|Any CPU
		{D029030D-4E22-4EBA-A3E4-B5E5B53A4C8D}.Debug|Any CPU.ActiveCfg = Debug|Any CPU
		{D029030D-4E22-4EBA-A3E4-B5E5B53A4C8D}.Debug|Any CPU.Build.0 = Debug|Any CPU
		{D029030D-4E22-4EBA-A3E4-B5E5B53A4C8D}.Debug|x64.ActiveCfg = Debug|Any CPU
		{D029030D-4E22-4EBA-A3E4-B5E5B53A4C8D}.Debug|x64.Build.0 = Debug|Any CPU
		{D029030D-4E22-4EBA-A3E4-B5E5B53A4C8D}.Debug|x86.ActiveCfg = Debug|Any CPU
		{D029030D-4E22-4EBA-A3E4-B5E5B53A4C8D}.Debug|x86.Build.0 = Debug|Any CPU
		{D029030D-4E22-4EBA-A3E4-B5E5B53A4C8D}.Release|Any CPU.ActiveCfg = Release|Any CPU
		{D029030D-4E22-4EBA-A3E4-B5E5B53A4C8D}.Release|Any CPU.Build.0 = Release|Any CPU
		{D029030D-4E22-4EBA-A3E4-B5E5B53A4C8D}.Release|x64.ActiveCfg = Release|Any CPU
		{D029030D-4E22-4EBA-A3E4-B5E5B53A4C8D}.Release|x64.Build.0 = Release|Any CPU
		{D029030D-4E22-4EBA-A3E4-B5E5B53A4C8D}.Release|x86.ActiveCfg = Release|Any CPU
		{D029030D-4E22-4EBA-A3E4-B5E5B53A4C8D}.Release|x86.Build.0 = Release|Any CPU
	EndGlobalSection
	GlobalSection(SolutionProperties) = preSolution
		HideSolutionNode = FALSE
	EndGlobalSection
	GlobalSection(ExtensibilityGlobals) = postSolution
		SolutionGuid = {0AEFBA30-6B77-4B06-B028-773F80D810BC}
	EndGlobalSection
EndGlobal
